
Microsoft Visual Studio Solution File, Format Version 12.00
# Visual Studio 2013
VisualStudioVersion = 12.0.21005.1
MinimumVisualStudioVersion = 10.0.40219.1
Project("{FAE04EC0-301F-11D3-BF4B-00C04F79EFBC}") = "PaddelAppen", "PaddelAppen\PaddelAppen\PaddelAppen.csproj", "{B5161063-9385-4631-B3FE-25B06A39F578}"
EndProject
Project("{FAE04EC0-301F-11D3-BF4B-00C04F79EFBC}") = "PaddelAppen.Android", "PaddelAppen\PaddelAppen.Android\PaddelAppen.Android.csproj", "{91F15EE9-FC8E-4574-A72A-0817C67D4B4A}"
EndProject
Project("{FAE04EC0-301F-11D3-BF4B-00C04F79EFBC}") = "PaddelAppen.WinPhone", "PaddelAppen\PaddelAppen.WinPhone\PaddelAppen.WinPhone.csproj", "{DEB4E45F-DA46-4DD6-BFFF-EFFA2AD02FCD}"
EndProject
Global
	GlobalSection(TeamFoundationVersionControl) = preSolution
		SccNumberOfProjects = 4
		SccEnterpriseProvider = {4CA58AB2-18FA-4F8D-95D4-32DDF27D184C}
		SccTeamFoundationServer = http://tfs.sogeti.se:8080/tfs/defaultcollection
		SccLocalPath0 = .
		SccProjectUniqueName1 = PaddelAppen\\PaddelAppen.Android\\PaddelAppen.Android.csproj
		SccProjectName1 = PaddelAppen/PaddelAppen.Android
		SccLocalPath1 = PaddelAppen\\PaddelAppen.Android
		SccProjectUniqueName2 = PaddelAppen\\PaddelAppen.WinPhone\\PaddelAppen.WinPhone.csproj
		SccProjectName2 = PaddelAppen/PaddelAppen.WinPhone
		SccLocalPath2 = PaddelAppen\\PaddelAppen.WinPhone
		SccProjectUniqueName3 = PaddelAppen\\PaddelAppen\\PaddelAppen.csproj
		SccProjectName3 = PaddelAppen/PaddelAppen
		SccLocalPath3 = PaddelAppen\\PaddelAppen
	EndGlobalSection
	GlobalSection(SolutionConfigurationPlatforms) = preSolution
		Ad-Hoc|Any CPU = Ad-Hoc|Any CPU
		Ad-Hoc|ARM = Ad-Hoc|ARM
		Ad-Hoc|iPhone = Ad-Hoc|iPhone
		Ad-Hoc|iPhoneSimulator = Ad-Hoc|iPhoneSimulator
		Ad-Hoc|Mixed Platforms = Ad-Hoc|Mixed Platforms
		Ad-Hoc|x86 = Ad-Hoc|x86
		AppStore|Any CPU = AppStore|Any CPU
		AppStore|ARM = AppStore|ARM
		AppStore|iPhone = AppStore|iPhone
		AppStore|iPhoneSimulator = AppStore|iPhoneSimulator
		AppStore|Mixed Platforms = AppStore|Mixed Platforms
		AppStore|x86 = AppStore|x86
		Debug|Any CPU = Debug|Any CPU
		Debug|ARM = Debug|ARM
		Debug|iPhone = Debug|iPhone
		Debug|iPhoneSimulator = Debug|iPhoneSimulator
		Debug|Mixed Platforms = Debug|Mixed Platforms
		Debug|x86 = Debug|x86
		Release|Any CPU = Release|Any CPU
		Release|ARM = Release|ARM
		Release|iPhone = Release|iPhone
		Release|iPhoneSimulator = Release|iPhoneSimulator
		Release|Mixed Platforms = Release|Mixed Platforms
		Release|x86 = Release|x86
	EndGlobalSection
	GlobalSection(ProjectConfigurationPlatforms) = postSolution
		{B5161063-9385-4631-B3FE-25B06A39F578}.Ad-Hoc|Any CPU.ActiveCfg = Release|Any CPU
		{B5161063-9385-4631-B3FE-25B06A39F578}.Ad-Hoc|Any CPU.Build.0 = Release|Any CPU
		{B5161063-9385-4631-B3FE-25B06A39F578}.Ad-Hoc|ARM.ActiveCfg = Release|Any CPU
		{B5161063-9385-4631-B3FE-25B06A39F578}.Ad-Hoc|iPhone.ActiveCfg = Release|Any CPU
		{B5161063-9385-4631-B3FE-25B06A39F578}.Ad-Hoc|iPhoneSimulator.ActiveCfg = Release|Any CPU
		{B5161063-9385-4631-B3FE-25B06A39F578}.Ad-Hoc|Mixed Platforms.ActiveCfg = Release|Any CPU
		{B5161063-9385-4631-B3FE-25B06A39F578}.Ad-Hoc|Mixed Platforms.Build.0 = Release|Any CPU
		{B5161063-9385-4631-B3FE-25B06A39F578}.Ad-Hoc|x86.ActiveCfg = Release|Any CPU
		{B5161063-9385-4631-B3FE-25B06A39F578}.AppStore|Any CPU.ActiveCfg = Release|Any CPU
		{B5161063-9385-4631-B3FE-25B06A39F578}.AppStore|Any CPU.Build.0 = Release|Any CPU
		{B5161063-9385-4631-B3FE-25B06A39F578}.AppStore|ARM.ActiveCfg = Release|Any CPU
		{B5161063-9385-4631-B3FE-25B06A39F578}.AppStore|iPhone.ActiveCfg = Release|Any CPU
		{B5161063-9385-4631-B3FE-25B06A39F578}.AppStore|iPhoneSimulator.ActiveCfg = Release|Any CPU
		{B5161063-9385-4631-B3FE-25B06A39F578}.AppStore|Mixed Platforms.ActiveCfg = Release|Any CPU
		{B5161063-9385-4631-B3FE-25B06A39F578}.AppStore|Mixed Platforms.Build.0 = Release|Any CPU
		{B5161063-9385-4631-B3FE-25B06A39F578}.AppStore|x86.ActiveCfg = Release|Any CPU
		{B5161063-9385-4631-B3FE-25B06A39F578}.Debug|Any CPU.ActiveCfg = Debug|Any CPU
		{B5161063-9385-4631-B3FE-25B06A39F578}.Debug|Any CPU.Build.0 = Debug|Any CPU
		{B5161063-9385-4631-B3FE-25B06A39F578}.Debug|ARM.ActiveCfg = Debug|Any CPU
		{B5161063-9385-4631-B3FE-25B06A39F578}.Debug|iPhone.ActiveCfg = Debug|Any CPU
		{B5161063-9385-4631-B3FE-25B06A39F578}.Debug|iPhoneSimulator.ActiveCfg = Debug|Any CPU
		{B5161063-9385-4631-B3FE-25B06A39F578}.Debug|Mixed Platforms.ActiveCfg = Debug|Any CPU
		{B5161063-9385-4631-B3FE-25B06A39F578}.Debug|Mixed Platforms.Build.0 = Debug|Any CPU
		{B5161063-9385-4631-B3FE-25B06A39F578}.Debug|x86.ActiveCfg = Debug|Any CPU
		{B5161063-9385-4631-B3FE-25B06A39F578}.Release|Any CPU.ActiveCfg = Release|Any CPU
		{B5161063-9385-4631-B3FE-25B06A39F578}.Release|Any CPU.Build.0 = Release|Any CPU
		{B5161063-9385-4631-B3FE-25B06A39F578}.Release|ARM.ActiveCfg = Release|Any CPU
		{B5161063-9385-4631-B3FE-25B06A39F578}.Release|iPhone.ActiveCfg = Release|Any CPU
		{B5161063-9385-4631-B3FE-25B06A39F578}.Release|iPhoneSimulator.ActiveCfg = Release|Any CPU
		{B5161063-9385-4631-B3FE-25B06A39F578}.Release|Mixed Platforms.ActiveCfg = Release|Any CPU
		{B5161063-9385-4631-B3FE-25B06A39F578}.Release|Mixed Platforms.Build.0 = Release|Any CPU
		{B5161063-9385-4631-B3FE-25B06A39F578}.Release|x86.ActiveCfg = Release|Any CPU
		{91F15EE9-FC8E-4574-A72A-0817C67D4B4A}.Ad-Hoc|Any CPU.ActiveCfg = Release|Any CPU
		{91F15EE9-FC8E-4574-A72A-0817C67D4B4A}.Ad-Hoc|Any CPU.Build.0 = Release|Any CPU
		{91F15EE9-FC8E-4574-A72A-0817C67D4B4A}.Ad-Hoc|Any CPU.Deploy.0 = Release|Any CPU
		{91F15EE9-FC8E-4574-A72A-0817C67D4B4A}.Ad-Hoc|ARM.ActiveCfg = Release|Any CPU
		{91F15EE9-FC8E-4574-A72A-0817C67D4B4A}.Ad-Hoc|iPhone.ActiveCfg = Release|Any CPU
		{91F15EE9-FC8E-4574-A72A-0817C67D4B4A}.Ad-Hoc|iPhoneSimulator.ActiveCfg = Release|Any CPU
		{91F15EE9-FC8E-4574-A72A-0817C67D4B4A}.Ad-Hoc|Mixed Platforms.ActiveCfg = Release|Any CPU
		{91F15EE9-FC8E-4574-A72A-0817C67D4B4A}.Ad-Hoc|Mixed Platforms.Build.0 = Release|Any CPU
		{91F15EE9-FC8E-4574-A72A-0817C67D4B4A}.Ad-Hoc|Mixed Platforms.Deploy.0 = Release|Any CPU
		{91F15EE9-FC8E-4574-A72A-0817C67D4B4A}.Ad-Hoc|x86.ActiveCfg = Release|Any CPU
		{91F15EE9-FC8E-4574-A72A-0817C67D4B4A}.AppStore|Any CPU.ActiveCfg = Release|Any CPU
		{91F15EE9-FC8E-4574-A72A-0817C67D4B4A}.AppStore|Any CPU.Build.0 = Release|Any CPU
		{91F15EE9-FC8E-4574-A72A-0817C67D4B4A}.AppStore|Any CPU.Deploy.0 = Release|Any CPU
		{91F15EE9-FC8E-4574-A72A-0817C67D4B4A}.AppStore|ARM.ActiveCfg = Release|Any CPU
		{91F15EE9-FC8E-4574-A72A-0817C67D4B4A}.AppStore|iPhone.ActiveCfg = Release|Any CPU
		{91F15EE9-FC8E-4574-A72A-0817C67D4B4A}.AppStore|iPhoneSimulator.ActiveCfg = Release|Any CPU
		{91F15EE9-FC8E-4574-A72A-0817C67D4B4A}.AppStore|Mixed Platforms.ActiveCfg = Release|Any CPU
		{91F15EE9-FC8E-4574-A72A-0817C67D4B4A}.AppStore|Mixed Platforms.Build.0 = Release|Any CPU
		{91F15EE9-FC8E-4574-A72A-0817C67D4B4A}.AppStore|Mixed Platforms.Deploy.0 = Release|Any CPU
		{91F15EE9-FC8E-4574-A72A-0817C67D4B4A}.AppStore|x86.ActiveCfg = Release|Any CPU
		{91F15EE9-FC8E-4574-A72A-0817C67D4B4A}.Debug|Any CPU.ActiveCfg = Debug|Any CPU
		{91F15EE9-FC8E-4574-A72A-0817C67D4B4A}.Debug|Any CPU.Build.0 = Debug|Any CPU
		{91F15EE9-FC8E-4574-A72A-0817C67D4B4A}.Debug|Any CPU.Deploy.0 = Debug|Any CPU
		{91F15EE9-FC8E-4574-A72A-0817C67D4B4A}.Debug|ARM.ActiveCfg = Debug|Any CPU
		{91F15EE9-FC8E-4574-A72A-0817C67D4B4A}.Debug|iPhone.ActiveCfg = Debug|Any CPU
		{91F15EE9-FC8E-4574-A72A-0817C67D4B4A}.Debug|iPhoneSimulator.ActiveCfg = Debug|Any CPU
		{91F15EE9-FC8E-4574-A72A-0817C67D4B4A}.Debug|Mixed Platforms.ActiveCfg = Debug|Any CPU
		{91F15EE9-FC8E-4574-A72A-0817C67D4B4A}.Debug|Mixed Platforms.Build.0 = Debug|Any CPU
		{91F15EE9-FC8E-4574-A72A-0817C67D4B4A}.Debug|Mixed Platforms.Deploy.0 = Debug|Any CPU
		{91F15EE9-FC8E-4574-A72A-0817C67D4B4A}.Debug|x86.ActiveCfg = Debug|Any CPU
		{91F15EE9-FC8E-4574-A72A-0817C67D4B4A}.Release|Any CPU.ActiveCfg = Release|Any CPU
		{91F15EE9-FC8E-4574-A72A-0817C67D4B4A}.Release|Any CPU.Build.0 = Release|Any CPU
		{91F15EE9-FC8E-4574-A72A-0817C67D4B4A}.Release|Any CPU.Deploy.0 = Release|Any CPU
		{91F15EE9-FC8E-4574-A72A-0817C67D4B4A}.Release|ARM.ActiveCfg = Release|Any CPU
		{91F15EE9-FC8E-4574-A72A-0817C67D4B4A}.Release|iPhone.ActiveCfg = Release|Any CPU
		{91F15EE9-FC8E-4574-A72A-0817C67D4B4A}.Release|iPhoneSimulator.ActiveCfg = Release|Any CPU
		{91F15EE9-FC8E-4574-A72A-0817C67D4B4A}.Release|Mixed Platforms.ActiveCfg = Release|Any CPU
		{91F15EE9-FC8E-4574-A72A-0817C67D4B4A}.Release|Mixed Platforms.Build.0 = Release|Any CPU
		{91F15EE9-FC8E-4574-A72A-0817C67D4B4A}.Release|Mixed Platforms.Deploy.0 = Release|Any CPU
		{91F15EE9-FC8E-4574-A72A-0817C67D4B4A}.Release|x86.ActiveCfg = Release|Any CPU
		{DEB4E45F-DA46-4DD6-BFFF-EFFA2AD02FCD}.Ad-Hoc|Any CPU.ActiveCfg = Release|Any CPU
		{DEB4E45F-DA46-4DD6-BFFF-EFFA2AD02FCD}.Ad-Hoc|Any CPU.Build.0 = Release|Any CPU
		{DEB4E45F-DA46-4DD6-BFFF-EFFA2AD02FCD}.Ad-Hoc|Any CPU.Deploy.0 = Release|Any CPU
		{DEB4E45F-DA46-4DD6-BFFF-EFFA2AD02FCD}.Ad-Hoc|ARM.ActiveCfg = Release|ARM
		{DEB4E45F-DA46-4DD6-BFFF-EFFA2AD02FCD}.Ad-Hoc|ARM.Build.0 = Release|ARM
		{DEB4E45F-DA46-4DD6-BFFF-EFFA2AD02FCD}.Ad-Hoc|ARM.Deploy.0 = Release|ARM
		{DEB4E45F-DA46-4DD6-BFFF-EFFA2AD02FCD}.Ad-Hoc|iPhone.ActiveCfg = Release|Any CPU
		{DEB4E45F-DA46-4DD6-BFFF-EFFA2AD02FCD}.Ad-Hoc|iPhoneSimulator.ActiveCfg = Release|Any CPU
		{DEB4E45F-DA46-4DD6-BFFF-EFFA2AD02FCD}.Ad-Hoc|Mixed Platforms.ActiveCfg = Release|x86
		{DEB4E45F-DA46-4DD6-BFFF-EFFA2AD02FCD}.Ad-Hoc|Mixed Platforms.Build.0 = Release|x86
		{DEB4E45F-DA46-4DD6-BFFF-EFFA2AD02FCD}.Ad-Hoc|Mixed Platforms.Deploy.0 = Release|x86
		{DEB4E45F-DA46-4DD6-BFFF-EFFA2AD02FCD}.Ad-Hoc|x86.ActiveCfg = Release|x86
		{DEB4E45F-DA46-4DD6-BFFF-EFFA2AD02FCD}.Ad-Hoc|x86.Build.0 = Release|x86
		{DEB4E45F-DA46-4DD6-BFFF-EFFA2AD02FCD}.Ad-Hoc|x86.Deploy.0 = Release|x86
		{DEB4E45F-DA46-4DD6-BFFF-EFFA2AD02FCD}.AppStore|Any CPU.ActiveCfg = Release|Any CPU
		{DEB4E45F-DA46-4DD6-BFFF-EFFA2AD02FCD}.AppStore|Any CPU.Build.0 = Release|Any CPU
		{DEB4E45F-DA46-4DD6-BFFF-EFFA2AD02FCD}.AppStore|Any CPU.Deploy.0 = Release|Any CPU
		{DEB4E45F-DA46-4DD6-BFFF-EFFA2AD02FCD}.AppStore|ARM.ActiveCfg = Release|ARM
		{DEB4E45F-DA46-4DD6-BFFF-EFFA2AD02FCD}.AppStore|ARM.Build.0 = Release|ARM
		{DEB4E45F-DA46-4DD6-BFFF-EFFA2AD02FCD}.AppStore|ARM.Deploy.0 = Release|ARM
		{DEB4E45F-DA46-4DD6-BFFF-EFFA2AD02FCD}.AppStore|iPhone.ActiveCfg = Release|Any CPU
		{DEB4E45F-DA46-4DD6-BFFF-EFFA2AD02FCD}.AppStore|iPhoneSimulator.ActiveCfg = Release|Any CPU
		{DEB4E45F-DA46-4DD6-BFFF-EFFA2AD02FCD}.AppStore|Mixed Platforms.ActiveCfg = Release|x86
		{DEB4E45F-DA46-4DD6-BFFF-EFFA2AD02FCD}.AppStore|Mixed Platforms.Build.0 = Release|x86
		{DEB4E45F-DA46-4DD6-BFFF-EFFA2AD02FCD}.AppStore|Mixed Platforms.Deploy.0 = Release|x86
		{DEB4E45F-DA46-4DD6-BFFF-EFFA2AD02FCD}.AppStore|x86.ActiveCfg = Release|x86
		{DEB4E45F-DA46-4DD6-BFFF-EFFA2AD02FCD}.AppStore|x86.Build.0 = Release|x86
		{DEB4E45F-DA46-4DD6-BFFF-EFFA2AD02FCD}.AppStore|x86.Deploy.0 = Release|x86
		{DEB4E45F-DA46-4DD6-BFFF-EFFA2AD02FCD}.Debug|Any CPU.ActiveCfg = Debug|Any CPU
		{DEB4E45F-DA46-4DD6-BFFF-EFFA2AD02FCD}.Debug|Any CPU.Build.0 = Debug|Any CPU
		{DEB4E45F-DA46-4DD6-BFFF-EFFA2AD02FCD}.Debug|Any CPU.Deploy.0 = Debug|Any CPU
		{DEB4E45F-DA46-4DD6-BFFF-EFFA2AD02FCD}.Debug|ARM.ActiveCfg = Debug|ARM
		{DEB4E45F-DA46-4DD6-BFFF-EFFA2AD02FCD}.Debug|ARM.Build.0 = Debug|ARM
		{DEB4E45F-DA46-4DD6-BFFF-EFFA2AD02FCD}.Debug|ARM.Deploy.0 = Debug|ARM
		{DEB4E45F-DA46-4DD6-BFFF-EFFA2AD02FCD}.Debug|iPhone.ActiveCfg = Debug|Any CPU
		{DEB4E45F-DA46-4DD6-BFFF-EFFA2AD02FCD}.Debug|iPhoneSimulator.ActiveCfg = Debug|Any CPU
		{DEB4E45F-DA46-4DD6-BFFF-EFFA2AD02FCD}.Debug|Mixed Platforms.ActiveCfg = Debug|x86
		{DEB4E45F-DA46-4DD6-BFFF-EFFA2AD02FCD}.Debug|Mixed Platforms.Build.0 = Debug|x86
		{DEB4E45F-DA46-4DD6-BFFF-EFFA2AD02FCD}.Debug|Mixed Platforms.Deploy.0 = Debug|x86
		{DEB4E45F-DA46-4DD6-BFFF-EFFA2AD02FCD}.Debug|x86.ActiveCfg = Debug|x86
		{DEB4E45F-DA46-4DD6-BFFF-EFFA2AD02FCD}.Debug|x86.Build.0 = Debug|x86
		{DEB4E45F-DA46-4DD6-BFFF-EFFA2AD02FCD}.Debug|x86.Deploy.0 = Debug|x86
		{DEB4E45F-DA46-4DD6-BFFF-EFFA2AD02FCD}.Release|Any CPU.ActiveCfg = Release|Any CPU
		{DEB4E45F-DA46-4DD6-BFFF-EFFA2AD02FCD}.Release|Any CPU.Build.0 = Release|Any CPU
		{DEB4E45F-DA46-4DD6-BFFF-EFFA2AD02FCD}.Release|Any CPU.Deploy.0 = Release|Any CPU
		{DEB4E45F-DA46-4DD6-BFFF-EFFA2AD02FCD}.Release|ARM.ActiveCfg = Release|ARM
		{DEB4E45F-DA46-4DD6-BFFF-EFFA2AD02FCD}.Release|ARM.Build.0 = Release|ARM
		{DEB4E45F-DA46-4DD6-BFFF-EFFA2AD02FCD}.Release|ARM.Deploy.0 = Release|ARM
		{DEB4E45F-DA46-4DD6-BFFF-EFFA2AD02FCD}.Release|iPhone.ActiveCfg = Release|Any CPU
		{DEB4E45F-DA46-4DD6-BFFF-EFFA2AD02FCD}.Release|iPhoneSimulator.ActiveCfg = Release|Any CPU
		{DEB4E45F-DA46-4DD6-BFFF-EFFA2AD02FCD}.Release|Mixed Platforms.ActiveCfg = Release|x86
		{DEB4E45F-DA46-4DD6-BFFF-EFFA2AD02FCD}.Release|Mixed Platforms.Build.0 = Release|x86
		{DEB4E45F-DA46-4DD6-BFFF-EFFA2AD02FCD}.Release|Mixed Platforms.Deploy.0 = Release|x86
		{DEB4E45F-DA46-4DD6-BFFF-EFFA2AD02FCD}.Release|x86.ActiveCfg = Release|x86
		{DEB4E45F-DA46-4DD6-BFFF-EFFA2AD02FCD}.Release|x86.Build.0 = Release|x86
		{DEB4E45F-DA46-4DD6-BFFF-EFFA2AD02FCD}.Release|x86.Deploy.0 = Release|x86
	EndGlobalSection
	GlobalSection(SolutionProperties) = preSolution
		HideSolutionNode = FALSE
	EndGlobalSection
EndGlobal
